// !$*UTF8*$!
{
	archiveVersion = 1;
	classes = {
	};
	objectVersion = 38;
	objects = {
		034768DDFF38A45A11DB9C8B = {
			children = (
				F55CEDC20383E6E401A80AC9,
				F55CEE120383F55201A80AC9,
				F55CEE2F0383F57A01A80AC9,
				F55CEE4C0383F59B01A80AC9,
				F5AAF632038683E801A80AC9,
				F59A5FAD0386DF3201A80AC9,
			);
			isa = PBXGroup;
			name = Products;
			refType = 4;
		};
//030
//031
//032
//033
//034
//080
//081
//082
//083
//084
		0867D690FE84028FC02AAC07 = {
			buildStyles = (
				F5128F2503864E5501A80AC9,
				F5128F2603864E5501A80AC9,
			);
			isa = PBXProject;
			mainGroup = 0867D691FE84028FC02AAC07;
			productRefGroup = 034768DDFF38A45A11DB9C8B;
			projectDirPath = "";
			targets = (
				F55CEE4E0383F97301A80AC9,
				F55CEDC10383E6E401A80AC9,
				F55CEDF60383F55201A80AC9,
				F55CEE130383F57A01A80AC9,
				F55CEE300383F59B01A80AC9,
				F5AAF616038683E801A80AC9,
				F59A5F910386DF3201A80AC9,
			);
		};
		0867D691FE84028FC02AAC07 = {
			children = (
				F55CEDB50383E50D01A80AC9,
				08FB77ACFE841707C02AAC07,
				089C1665FE841158C02AAC07,
				0867D69AFE84028FC02AAC07,
				034768DDFF38A45A11DB9C8B,
			);
			isa = PBXGroup;
			name = "flext-PB";
			refType = 4;
		};
		0867D69AFE84028FC02AAC07 = {
			children = (
				08FB77AAFE841565C02AAC07,
			);
			isa = PBXGroup;
			name = "External Frameworks and Libraries";
			refType = 4;
		};
		089C1665FE841158C02AAC07 = {
			children = (
				089C1666FE841158C02AAC07,
			);
			isa = PBXGroup;
			name = Resources;
			refType = 4;
		};
		089C1666FE841158C02AAC07 = {
			children = (
				089C1667FE841158C02AAC07,
			);
			isa = PBXVariantGroup;
			name = InfoPlist.strings;
			refType = 4;
		};
		089C1667FE841158C02AAC07 = {
			fileEncoding = 10;
			isa = PBXFileReference;
			name = English;
			path = English.lproj/InfoPlist.strings;
			refType = 4;
		};
		08FB77AAFE841565C02AAC07 = {
			isa = PBXFrameworkReference;
			name = Carbon.framework;
			path = /System/Library/Frameworks/Carbon.framework;
			refType = 0;
		};
		08FB77ACFE841707C02AAC07 = {
			children = (
				F55CED7B0383E50201A80AC9,
				F55CED7C0383E50201A80AC9,
				F55CED7D0383E50201A80AC9,
				F55CED7E0383E50201A80AC9,
				F55CED800383E50201A80AC9,
				F55CED880383E50201A80AC9,
				F55CED8A0383E50201A80AC9,
				F55CED8D0383E50201A80AC9,
				F55CED8F0383E50201A80AC9,
				F55CED900383E50201A80AC9,
				F55CED930383E50201A80AC9,
				F55CED950383E50201A80AC9,
				F55CED960383E50201A80AC9,
				F55CED970383E50201A80AC9,
			);
			isa = PBXGroup;
			name = Source;
			refType = 4;
		};
//080
//081
//082
//083
//084
//F50
//F51
//F52
//F53
//F54
		F5128F2503864E5501A80AC9 = {
			buildRules = (
			);
			buildSettings = {
				COPY_PHASE_STRIP = NO;
			};
			isa = PBXBuildStyle;
			name = Development;
		};
		F5128F2603864E5501A80AC9 = {
			buildRules = (
			);
			buildSettings = {
				COPY_PHASE_STRIP = YES;
			};
			isa = PBXBuildStyle;
			name = Deployment;
		};
		F55CED7B0383E50201A80AC9 = {
			isa = PBXFileReference;
			name = "flatom-pr.cpp";
			path = "../source/flatom-pr.cpp";
			refType = 2;
		};
		F55CED7C0383E50201A80AC9 = {
			isa = PBXFileReference;
			name = flatom.cpp;
			path = ../source/flatom.cpp;
			refType = 2;
		};
		F55CED7D0383E50201A80AC9 = {
			isa = PBXFileReference;
			name = flattr.cpp;
			path = ../source/flattr.cpp;
			refType = 2;
		};
		F55CED7E0383E50201A80AC9 = {
			isa = PBXFileReference;
			name = flbase.cpp;
			path = ../source/flbase.cpp;
			refType = 2;
		};
		F55CED7F0383E50201A80AC9 = {
			isa = PBXFileReference;
			name = flbase.h;
			path = /Volumes/Daten/Prog/max/flext/source/flbase.h;
			refType = 0;
		};
		F55CED800383E50201A80AC9 = {
			isa = PBXFileReference;
			name = flbuf.cpp;
			path = ../source/flbuf.cpp;
			refType = 2;
		};
		F55CED810383E50201A80AC9 = {
			isa = PBXFileReference;
			name = flclass.h;
			path = /Volumes/Daten/Prog/max/flext/source/flclass.h;
			refType = 0;
		};
		F55CED860383E50201A80AC9 = {
			isa = PBXFileReference;
			name = fldefs.h;
			path = /Volumes/Daten/Prog/max/flext/source/fldefs.h;
			refType = 0;
		};
		F55CED870383E50201A80AC9 = {
			isa = PBXFileReference;
			name = fldoxygen.h;
			path = /Volumes/Daten/Prog/max/flext/source/fldoxygen.h;
			refType = 0;
		};
		F55CED880383E50201A80AC9 = {
			isa = PBXFileReference;
			name = fldsp.cpp;
			path = ../source/fldsp.cpp;
			refType = 2;
		};
		F55CED890383E50201A80AC9 = {
			isa = PBXFileReference;
			name = fldsp.h;
			path = /Volumes/Daten/Prog/max/flext/source/fldsp.h;
			refType = 0;
		};
		F55CED8A0383E50201A80AC9 = {
			isa = PBXFileReference;
			name = flext.cpp;
			path = ../source/flext.cpp;
			refType = 2;
		};
		F55CED8B0383E50201A80AC9 = {
			isa = PBXFileReference;
			name = flext.h;
			path = /Volumes/Daten/Prog/max/flext/source/flext.h;
			refType = 0;
		};
		F55CED8C0383E50201A80AC9 = {
			isa = PBXFileReference;
			name = flinternal.h;
			path = /Volumes/Daten/Prog/max/flext/source/flinternal.h;
			refType = 0;
		};
		F55CED8D0383E50201A80AC9 = {
			isa = PBXFileReference;
			name = fllib.cpp;
			path = ../source/fllib.cpp;
			refType = 2;
		};
		F55CED8E0383E50201A80AC9 = {
			isa = PBXFileReference;
			name = flmspbuffer.h;
			path = /Volumes/Daten/Prog/max/flext/source/flmspbuffer.h;
			refType = 0;
		};
		F55CED8F0383E50201A80AC9 = {
			isa = PBXFileReference;
			name = flout.cpp;
			path = ../source/flout.cpp;
			refType = 2;
		};
		F55CED900383E50201A80AC9 = {
			isa = PBXFileReference;
			name = flsndobj.cpp;
			path = ../source/flsndobj.cpp;
			refType = 2;
		};
		F55CED910383E50201A80AC9 = {
			isa = PBXFileReference;
			name = flsndobj.h;
			path = /Volumes/Daten/Prog/max/flext/source/flsndobj.h;
			refType = 0;
		};
		F55CED920383E50201A80AC9 = {
			isa = PBXFileReference;
			name = flstdc.h;
			path = /Volumes/Daten/Prog/max/flext/source/flstdc.h;
			refType = 0;
		};
		F55CED930383E50201A80AC9 = {
			isa = PBXFileReference;
			name = flsupport.cpp;
			path = ../source/flsupport.cpp;
			refType = 2;
		};
		F55CED940383E50201A80AC9 = {
			isa = PBXFileReference;
			name = flsupport.h;
			path = /Volumes/Daten/Prog/max/flext/source/flsupport.h;
			refType = 0;
		};
		F55CED950383E50201A80AC9 = {
			isa = PBXFileReference;
			name = flthr.cpp;
			path = ../source/flthr.cpp;
			refType = 2;
		};
		F55CED960383E50201A80AC9 = {
			isa = PBXFileReference;
			name = flutil.cpp;
			path = ../source/flutil.cpp;
			refType = 2;
		};
		F55CED970383E50201A80AC9 = {
			isa = PBXFileReference;
			name = flxlet.cpp;
			path = ../source/flxlet.cpp;
			refType = 2;
		};
		F55CEDB50383E50D01A80AC9 = {
			children = (
				F55CED7F0383E50201A80AC9,
				F55CED810383E50201A80AC9,
				F55CED860383E50201A80AC9,
				F55CED870383E50201A80AC9,
				F55CED890383E50201A80AC9,
				F55CED8B0383E50201A80AC9,
				F55CED8C0383E50201A80AC9,
				F55CED8E0383E50201A80AC9,
				F55CED910383E50201A80AC9,
				F55CED920383E50201A80AC9,
				F55CED940383E50201A80AC9,
			);
			isa = PBXGroup;
			name = Headers;
			refType = 4;
		};
		F55CEDBD0383E6E401A80AC9 = {
			buildActionMask = 2147483647;
			files = (
				F55CEDD20383E79301A80AC9,
				F55CEDD30383E79301A80AC9,
				F55CEDD40383E79401A80AC9,
				F55CEDD50383E79501A80AC9,
				F55CEDD60383E79701A80AC9,
				F55CEDD70383E79801A80AC9,
				F55CEDD80383E79901A80AC9,
				F55CEDD90383E79901A80AC9,
				F55CEDDB0383E79B01A80AC9,
				F55CEDDC0383E79B01A80AC9,
			);
			isa = PBXHeadersBuildPhase;
			runOnlyForDeploymentPostprocessing = 0;
		};
		F55CEDBE0383E6E401A80AC9 = {
			buildActionMask = 2147483647;
			files = (
				F55CEDC40383E78701A80AC9,
				F55CEDC50383E78701A80AC9,
				F55CEDC60383E78801A80AC9,
				F55CEDC70383E78901A80AC9,
				F55CEDC80383E78A01A80AC9,
				F55CEDC90383E78B01A80AC9,
				F55CEDCA0383E78B01A80AC9,
				F55CEDCB0383E78D01A80AC9,
				F55CEDCC0383E78E01A80AC9,
				F55CEDCE0383E78F01A80AC9,
				F55CEDCF0383E79001A80AC9,
				F55CEDD00383E79101A80AC9,
				F55CEDD10383E79101A80AC9,
			);
			isa = PBXSourcesBuildPhase;
			runOnlyForDeploymentPostprocessing = 0;
		};
		F55CEDBF0383E6E401A80AC9 = {
			buildActionMask = 2147483647;
			files = (
			);
			isa = PBXFrameworksBuildPhase;
			runOnlyForDeploymentPostprocessing = 0;
		};
		F55CEDC00383E6E401A80AC9 = {
			buildActionMask = 2147483647;
			files = (
			);
			isa = PBXRezBuildPhase;
			runOnlyForDeploymentPostprocessing = 0;
		};
		F55CEDC10383E6E401A80AC9 = {
			buildPhases = (
				F55CEDBD0383E6E401A80AC9,
				F55CEDBE0383E6E401A80AC9,
				F55CEDBF0383E6E401A80AC9,
				F55CEDC00383E6E401A80AC9,
			);
			buildSettings = {
				DEBUGGING_SYMBOLS = NO;
				DYLIB_COMPATIBILITY_VERSION = 1;
				DYLIB_CURRENT_VERSION = 1;
				HEADER_SEARCH_PATHS = /usr/local/pd/src;
				INSTALL_PATH = /usr/local/pd/flext;
				LIBRARY_STYLE = STATIC;
				OPTIMIZATION_CFLAGS = "-O3";
				OTHER_CFLAGS = "-D PD -D unix";
				OTHER_LDFLAGS = "";
				OTHER_LIBTOOL_FLAGS = "";
				OTHER_REZFLAGS = "";
				PRODUCT_NAME = flext.a;
				REZ_EXECUTABLE = YES;
				SECTORDER_FLAGS = "";
				WARNING_CFLAGS = "-Wmost -Wno-four-char-constants -Wno-unknown-pragmas";
			};
			comments = "flext for PD running on OS X (darwin)\nsingle threaded performance version";
			dependencies = (
			);
			isa = PBXLibraryTarget;
			name = "PD@OSX single";
			productInstallPath = /usr/local/pd/flext;
			productName = "PD@OSX";
			productReference = F55CEDC20383E6E401A80AC9;
			shouldUseHeadermap = 0;
		};
		F55CEDC20383E6E401A80AC9 = {
			isa = PBXLibraryReference;
			path = flext.a;
			refType = 3;
		};
		F55CEDC40383E78701A80AC9 = {
			fileRef = F55CED7B0383E50201A80AC9;
			isa = PBXBuildFile;
			settings = {
			};
		};
		F55CEDC50383E78701A80AC9 = {
			fileRef = F55CED7C0383E50201A80AC9;
			isa = PBXBuildFile;
			settings = {
			};
		};
		F55CEDC60383E78801A80AC9 = {
			fileRef = F55CED7D0383E50201A80AC9;
			isa = PBXBuildFile;
			settings = {
			};
		};
		F55CEDC70383E78901A80AC9 = {
			fileRef = F55CED7E0383E50201A80AC9;
			isa = PBXBuildFile;
			settings = {
			};
		};
		F55CEDC80383E78A01A80AC9 = {
			fileRef = F55CED800383E50201A80AC9;
			isa = PBXBuildFile;
			settings = {
			};
		};
		F55CEDC90383E78B01A80AC9 = {
			fileRef = F55CED880383E50201A80AC9;
			isa = PBXBuildFile;
			settings = {
			};
		};
		F55CEDCA0383E78B01A80AC9 = {
			fileRef = F55CED8A0383E50201A80AC9;
			isa = PBXBuildFile;
			settings = {
			};
		};
		F55CEDCB0383E78D01A80AC9 = {
			fileRef = F55CED8D0383E50201A80AC9;
			isa = PBXBuildFile;
			settings = {
			};
		};
		F55CEDCC0383E78E01A80AC9 = {
			fileRef = F55CED8F0383E50201A80AC9;
			isa = PBXBuildFile;
			settings = {
			};
		};
		F55CEDCE0383E78F01A80AC9 = {
			fileRef = F55CED930383E50201A80AC9;
			isa = PBXBuildFile;
			settings = {
			};
		};
		F55CEDCF0383E79001A80AC9 = {
			fileRef = F55CED950383E50201A80AC9;
			isa = PBXBuildFile;
			settings = {
			};
		};
		F55CEDD00383E79101A80AC9 = {
			fileRef = F55CED960383E50201A80AC9;
			isa = PBXBuildFile;
			settings = {
			};
		};
		F55CEDD10383E79101A80AC9 = {
			fileRef = F55CED970383E50201A80AC9;
			isa = PBXBuildFile;
			settings = {
			};
		};
		F55CEDD20383E79301A80AC9 = {
			fileRef = F55CED7F0383E50201A80AC9;
			isa = PBXBuildFile;
			settings = {
			};
		};
		F55CEDD30383E79301A80AC9 = {
			fileRef = F55CED810383E50201A80AC9;
			isa = PBXBuildFile;
			settings = {
			};
		};
		F55CEDD40383E79401A80AC9 = {
			fileRef = F55CED860383E50201A80AC9;
			isa = PBXBuildFile;
			settings = {
			};
		};
		F55CEDD50383E79501A80AC9 = {
			fileRef = F55CED870383E50201A80AC9;
			isa = PBXBuildFile;
			settings = {
			};
		};
		F55CEDD60383E79701A80AC9 = {
			fileRef = F55CED890383E50201A80AC9;
			isa = PBXBuildFile;
			settings = {
			};
		};
		F55CEDD70383E79801A80AC9 = {
			fileRef = F55CED8B0383E50201A80AC9;
			isa = PBXBuildFile;
			settings = {
			};
		};
		F55CEDD80383E79901A80AC9 = {
			fileRef = F55CED8C0383E50201A80AC9;
			isa = PBXBuildFile;
			settings = {
			};
		};
		F55CEDD90383E79901A80AC9 = {
			fileRef = F55CED8E0383E50201A80AC9;
			isa = PBXBuildFile;
			settings = {
			};
		};
		F55CEDDB0383E79B01A80AC9 = {
			fileRef = F55CED920383E50201A80AC9;
			isa = PBXBuildFile;
			settings = {
			};
		};
		F55CEDDC0383E79B01A80AC9 = {
			fileRef = F55CED940383E50201A80AC9;
			isa = PBXBuildFile;
			settings = {
			};
		};
		F55CEDF60383F55201A80AC9 = {
			buildPhases = (
				F55CEDF70383F55201A80AC9,
				F55CEE020383F55201A80AC9,
				F55CEE100383F55201A80AC9,
				F55CEE110383F55201A80AC9,
			);
			buildSettings = {
				DEBUGGING_SYMBOLS = NO;
				DYLIB_COMPATIBILITY_VERSION = 1;
				DYLIB_CURRENT_VERSION = 1;
				HEADER_SEARCH_PATHS = /usr/local/pd/src;
				INSTALL_PATH = /usr/local/pd/flext;
				LIBRARY_STYLE = STATIC;
				OPTIMIZATION_CFLAGS = "-O3";
				OTHER_CFLAGS = "-D PD -D unix -D FLEXT_THREADS";
				OTHER_LDFLAGS = "";
				OTHER_LIBTOOL_FLAGS = "";
				OTHER_REZFLAGS = "";
				PRODUCT_NAME = flext_t.a;
				REZ_EXECUTABLE = YES;
				SECTORDER_FLAGS = "";
				WARNING_CFLAGS = "-Wmost -Wno-four-char-constants -Wno-unknown-pragmas";
			};
			comments = "flext for PD running on OS X (darwin)\nmulti-threaded performance version";
			dependencies = (
			);
			isa = PBXLibraryTarget;
			name = "PD@OSX threaded";
			productInstallPath = /usr/local/pd/flext;
			productName = "PD@OSX";
			productReference = F55CEE120383F55201A80AC9;
			shouldUseHeadermap = 0;
		};
		F55CEDF70383F55201A80AC9 = {
			buildActionMask = 2147483647;
			files = (
				F55CEDF80383F55201A80AC9,
				F55CEDF90383F55201A80AC9,
				F55CEDFA0383F55201A80AC9,
				F55CEDFB0383F55201A80AC9,
				F55CEDFC0383F55201A80AC9,
				F55CEDFD0383F55201A80AC9,
				F55CEDFE0383F55201A80AC9,
				F55CEDFF0383F55201A80AC9,
				F55CEE000383F55201A80AC9,
				F55CEE010383F55201A80AC9,
			);
			isa = PBXHeadersBuildPhase;
			runOnlyForDeploymentPostprocessing = 0;
		};
		F55CEDF80383F55201A80AC9 = {
			fileRef = F55CED7F0383E50201A80AC9;
			isa = PBXBuildFile;
			settings = {
			};
		};
		F55CEDF90383F55201A80AC9 = {
			fileRef = F55CED810383E50201A80AC9;
			isa = PBXBuildFile;
			settings = {
			};
		};
		F55CEDFA0383F55201A80AC9 = {
			fileRef = F55CED860383E50201A80AC9;
			isa = PBXBuildFile;
			settings = {
			};
		};
		F55CEDFB0383F55201A80AC9 = {
			fileRef = F55CED870383E50201A80AC9;
			isa = PBXBuildFile;
			settings = {
			};
		};
		F55CEDFC0383F55201A80AC9 = {
			fileRef = F55CED890383E50201A80AC9;
			isa = PBXBuildFile;
			settings = {
			};
		};
		F55CEDFD0383F55201A80AC9 = {
			fileRef = F55CED8B0383E50201A80AC9;
			isa = PBXBuildFile;
			settings = {
			};
		};
		F55CEDFE0383F55201A80AC9 = {
			fileRef = F55CED8C0383E50201A80AC9;
			isa = PBXBuildFile;
			settings = {
			};
		};
		F55CEDFF0383F55201A80AC9 = {
			fileRef = F55CED8E0383E50201A80AC9;
			isa = PBXBuildFile;
			settings = {
			};
		};
		F55CEE000383F55201A80AC9 = {
			fileRef = F55CED920383E50201A80AC9;
			isa = PBXBuildFile;
			settings = {
			};
		};
		F55CEE010383F55201A80AC9 = {
			fileRef = F55CED940383E50201A80AC9;
			isa = PBXBuildFile;
			settings = {
			};
		};
		F55CEE020383F55201A80AC9 = {
			buildActionMask = 2147483647;
			files = (
				F55CEE030383F55201A80AC9,
				F55CEE040383F55201A80AC9,
				F55CEE050383F55201A80AC9,
				F55CEE060383F55201A80AC9,
				F55CEE070383F55201A80AC9,
				F55CEE080383F55201A80AC9,
				F55CEE090383F55201A80AC9,
				F55CEE0A0383F55201A80AC9,
				F55CEE0B0383F55201A80AC9,
				F55CEE0C0383F55201A80AC9,
				F55CEE0D0383F55201A80AC9,
				F55CEE0E0383F55201A80AC9,
				F55CEE0F0383F55201A80AC9,
			);
			isa = PBXSourcesBuildPhase;
			runOnlyForDeploymentPostprocessing = 0;
		};
		F55CEE030383F55201A80AC9 = {
			fileRef = F55CED7B0383E50201A80AC9;
			isa = PBXBuildFile;
			settings = {
			};
		};
		F55CEE040383F55201A80AC9 = {
			fileRef = F55CED7C0383E50201A80AC9;
			isa = PBXBuildFile;
			settings = {
			};
		};
		F55CEE050383F55201A80AC9 = {
			fileRef = F55CED7D0383E50201A80AC9;
			isa = PBXBuildFile;
			settings = {
			};
		};
		F55CEE060383F55201A80AC9 = {
			fileRef = F55CED7E0383E50201A80AC9;
			isa = PBXBuildFile;
			settings = {
			};
		};
		F55CEE070383F55201A80AC9 = {
			fileRef = F55CED800383E50201A80AC9;
			isa = PBXBuildFile;
			settings = {
			};
		};
		F55CEE080383F55201A80AC9 = {
			fileRef = F55CED880383E50201A80AC9;
			isa = PBXBuildFile;
			settings = {
			};
		};
		F55CEE090383F55201A80AC9 = {
			fileRef = F55CED8A0383E50201A80AC9;
			isa = PBXBuildFile;
			settings = {
			};
		};
		F55CEE0A0383F55201A80AC9 = {
			fileRef = F55CED8D0383E50201A80AC9;
			isa = PBXBuildFile;
			settings = {
			};
		};
		F55CEE0B0383F55201A80AC9 = {
			fileRef = F55CED8F0383E50201A80AC9;
			isa = PBXBuildFile;
			settings = {
			};
		};
		F55CEE0C0383F55201A80AC9 = {
			fileRef = F55CED930383E50201A80AC9;
			isa = PBXBuildFile;
			settings = {
			};
		};
		F55CEE0D0383F55201A80AC9 = {
			fileRef = F55CED950383E50201A80AC9;
			isa = PBXBuildFile;
			settings = {
			};
		};
		F55CEE0E0383F55201A80AC9 = {
			fileRef = F55CED960383E50201A80AC9;
			isa = PBXBuildFile;
			settings = {
			};
		};
		F55CEE0F0383F55201A80AC9 = {
			fileRef = F55CED970383E50201A80AC9;
			isa = PBXBuildFile;
			settings = {
			};
		};
		F55CEE100383F55201A80AC9 = {
			buildActionMask = 2147483647;
			files = (
			);
			isa = PBXFrameworksBuildPhase;
			runOnlyForDeploymentPostprocessing = 0;
		};
		F55CEE110383F55201A80AC9 = {
			buildActionMask = 2147483647;
			files = (
			);
			isa = PBXRezBuildPhase;
			runOnlyForDeploymentPostprocessing = 0;
		};
		F55CEE120383F55201A80AC9 = {
			isa = PBXLibraryReference;
			path = flext_t.a;
			refType = 3;
		};
		F55CEE130383F57A01A80AC9 = {
			buildPhases = (
				F55CEE140383F57A01A80AC9,
				F55CEE1F0383F57A01A80AC9,
				F55CEE2D0383F57A01A80AC9,
				F55CEE2E0383F57A01A80AC9,
			);
			buildSettings = {
				DYLIB_COMPATIBILITY_VERSION = 1;
				DYLIB_CURRENT_VERSION = 1;
				HEADER_SEARCH_PATHS = /usr/local/pd/src;
				INSTALL_PATH = /usr/local/pd/flext;
				LIBRARY_STYLE = STATIC;
				OPTIMIZATION_CFLAGS = "-O0";
				OTHER_CFLAGS = "-D PD -D unix -D _DEBUG";
				OTHER_LDFLAGS = "";
				OTHER_LIBTOOL_FLAGS = "";
				OTHER_REZFLAGS = "";
				PRODUCT_NAME = flext_d.a;
				REZ_EXECUTABLE = YES;
				SECTORDER_FLAGS = "";
				WARNING_CFLAGS = "-Wmost -Wno-four-char-constants -Wno-unknown-pragmas";
			};
			comments = "flext for PD running on OS X (darwin)\nsingle threaded debug version";
			dependencies = (
			);
			isa = PBXLibraryTarget;
			name = "PD@OSX debug single";
			productInstallPath = /usr/local/pd/flext;
			productName = "PD@OSX";
			productReference = F55CEE2F0383F57A01A80AC9;
			shouldUseHeadermap = 0;
		};
		F55CEE140383F57A01A80AC9 = {
			buildActionMask = 2147483647;
			files = (
				F55CEE150383F57A01A80AC9,
				F55CEE160383F57A01A80AC9,
				F55CEE170383F57A01A80AC9,
				F55CEE180383F57A01A80AC9,
				F55CEE190383F57A01A80AC9,
				F55CEE1A0383F57A01A80AC9,
				F55CEE1B0383F57A01A80AC9,
				F55CEE1C0383F57A01A80AC9,
				F55CEE1D0383F57A01A80AC9,
				F55CEE1E0383F57A01A80AC9,
			);
			isa = PBXHeadersBuildPhase;
			runOnlyForDeploymentPostprocessing = 0;
		};
		F55CEE150383F57A01A80AC9 = {
			fileRef = F55CED7F0383E50201A80AC9;
			isa = PBXBuildFile;
			settings = {
			};
		};
		F55CEE160383F57A01A80AC9 = {
			fileRef = F55CED810383E50201A80AC9;
			isa = PBXBuildFile;
			settings = {
			};
		};
		F55CEE170383F57A01A80AC9 = {
			fileRef = F55CED860383E50201A80AC9;
			isa = PBXBuildFile;
			settings = {
			};
		};
		F55CEE180383F57A01A80AC9 = {
			fileRef = F55CED870383E50201A80AC9;
			isa = PBXBuildFile;
			settings = {
			};
		};
		F55CEE190383F57A01A80AC9 = {
			fileRef = F55CED890383E50201A80AC9;
			isa = PBXBuildFile;
			settings = {
			};
		};
		F55CEE1A0383F57A01A80AC9 = {
			fileRef = F55CED8B0383E50201A80AC9;
			isa = PBXBuildFile;
			settings = {
			};
		};
		F55CEE1B0383F57A01A80AC9 = {
			fileRef = F55CED8C0383E50201A80AC9;
			isa = PBXBuildFile;
			settings = {
			};
		};
		F55CEE1C0383F57A01A80AC9 = {
			fileRef = F55CED8E0383E50201A80AC9;
			isa = PBXBuildFile;
			settings = {
			};
		};
		F55CEE1D0383F57A01A80AC9 = {
			fileRef = F55CED920383E50201A80AC9;
			isa = PBXBuildFile;
			settings = {
			};
		};
		F55CEE1E0383F57A01A80AC9 = {
			fileRef = F55CED940383E50201A80AC9;
			isa = PBXBuildFile;
			settings = {
			};
		};
		F55CEE1F0383F57A01A80AC9 = {
			buildActionMask = 2147483647;
			files = (
				F55CEE200383F57A01A80AC9,
				F55CEE210383F57A01A80AC9,
				F55CEE220383F57A01A80AC9,
				F55CEE230383F57A01A80AC9,
				F55CEE240383F57A01A80AC9,
				F55CEE250383F57A01A80AC9,
				F55CEE260383F57A01A80AC9,
				F55CEE270383F57A01A80AC9,
				F55CEE280383F57A01A80AC9,
				F55CEE290383F57A01A80AC9,
				F55CEE2A0383F57A01A80AC9,
				F55CEE2B0383F57A01A80AC9,
				F55CEE2C0383F57A01A80AC9,
			);
			isa = PBXSourcesBuildPhase;
			runOnlyForDeploymentPostprocessing = 0;
		};
		F55CEE200383F57A01A80AC9 = {
			fileRef = F55CED7B0383E50201A80AC9;
			isa = PBXBuildFile;
			settings = {
			};
		};
		F55CEE210383F57A01A80AC9 = {
			fileRef = F55CED7C0383E50201A80AC9;
			isa = PBXBuildFile;
			settings = {
			};
		};
		F55CEE220383F57A01A80AC9 = {
			fileRef = F55CED7D0383E50201A80AC9;
			isa = PBXBuildFile;
			settings = {
			};
		};
		F55CEE230383F57A01A80AC9 = {
			fileRef = F55CED7E0383E50201A80AC9;
			isa = PBXBuildFile;
			settings = {
			};
		};
		F55CEE240383F57A01A80AC9 = {
			fileRef = F55CED800383E50201A80AC9;
			isa = PBXBuildFile;
			settings = {
			};
		};
		F55CEE250383F57A01A80AC9 = {
			fileRef = F55CED880383E50201A80AC9;
			isa = PBXBuildFile;
			settings = {
			};
		};
		F55CEE260383F57A01A80AC9 = {
			fileRef = F55CED8A0383E50201A80AC9;
			isa = PBXBuildFile;
			settings = {
			};
		};
		F55CEE270383F57A01A80AC9 = {
			fileRef = F55CED8D0383E50201A80AC9;
			isa = PBXBuildFile;
			settings = {
			};
		};
		F55CEE280383F57A01A80AC9 = {
			fileRef = F55CED8F0383E50201A80AC9;
			isa = PBXBuildFile;
			settings = {
			};
		};
		F55CEE290383F57A01A80AC9 = {
			fileRef = F55CED930383E50201A80AC9;
			isa = PBXBuildFile;
			settings = {
			};
		};
		F55CEE2A0383F57A01A80AC9 = {
			fileRef = F55CED950383E50201A80AC9;
			isa = PBXBuildFile;
			settings = {
			};
		};
		F55CEE2B0383F57A01A80AC9 = {
			fileRef = F55CED960383E50201A80AC9;
			isa = PBXBuildFile;
			settings = {
			};
		};
		F55CEE2C0383F57A01A80AC9 = {
			fileRef = F55CED970383E50201A80AC9;
			isa = PBXBuildFile;
			settings = {
			};
		};
		F55CEE2D0383F57A01A80AC9 = {
			buildActionMask = 2147483647;
			files = (
			);
			isa = PBXFrameworksBuildPhase;
			runOnlyForDeploymentPostprocessing = 0;
		};
		F55CEE2E0383F57A01A80AC9 = {
			buildActionMask = 2147483647;
			files = (
			);
			isa = PBXRezBuildPhase;
			runOnlyForDeploymentPostprocessing = 0;
		};
		F55CEE2F0383F57A01A80AC9 = {
			isa = PBXLibraryReference;
			path = flext_d.a;
			refType = 3;
		};
		F55CEE300383F59B01A80AC9 = {
			buildPhases = (
				F55CEE310383F59B01A80AC9,
				F55CEE3C0383F59B01A80AC9,
				F55CEE4A0383F59B01A80AC9,
				F55CEE4B0383F59B01A80AC9,
			);
			buildSettings = {
				DYLIB_COMPATIBILITY_VERSION = 1;
				DYLIB_CURRENT_VERSION = 1;
				HEADER_SEARCH_PATHS = /usr/local/pd/src;
				INSTALL_PATH = /usr/local/pd/flext;
				LIBRARY_STYLE = STATIC;
				OPTIMIZATION_CFLAGS = "-O0";
				OTHER_CFLAGS = "-D PD -D unix -D FLEXT_THREADS -D _DEBUG";
				OTHER_LDFLAGS = "";
				OTHER_LIBTOOL_FLAGS = "";
				OTHER_REZFLAGS = "";
				PRODUCT_NAME = flext_td.a;
				REZ_EXECUTABLE = YES;
				SECTORDER_FLAGS = "";
				WARNING_CFLAGS = "-Wmost -Wno-four-char-constants -Wno-unknown-pragmas";
			};
			comments = "flext for PD running on OS X (darwin)\nmulti-threaded debug version";
			dependencies = (
			);
			isa = PBXLibraryTarget;
			name = "PD@OSX debug threaded";
			productInstallPath = /usr/local/pd/flext;
			productName = "PD@OSX";
			productReference = F55CEE4C0383F59B01A80AC9;
			shouldUseHeadermap = 0;
		};
		F55CEE310383F59B01A80AC9 = {
			buildActionMask = 2147483647;
			files = (
				F55CEE320383F59B01A80AC9,
				F55CEE330383F59B01A80AC9,
				F55CEE340383F59B01A80AC9,
				F55CEE350383F59B01A80AC9,
				F55CEE360383F59B01A80AC9,
				F55CEE370383F59B01A80AC9,
				F55CEE380383F59B01A80AC9,
				F55CEE390383F59B01A80AC9,
				F55CEE3A0383F59B01A80AC9,
				F55CEE3B0383F59B01A80AC9,
			);
			isa = PBXHeadersBuildPhase;
			runOnlyForDeploymentPostprocessing = 0;
		};
		F55CEE320383F59B01A80AC9 = {
			fileRef = F55CED7F0383E50201A80AC9;
			isa = PBXBuildFile;
			settings = {
			};
		};
		F55CEE330383F59B01A80AC9 = {
			fileRef = F55CED810383E50201A80AC9;
			isa = PBXBuildFile;
			settings = {
			};
		};
		F55CEE340383F59B01A80AC9 = {
			fileRef = F55CED860383E50201A80AC9;
			isa = PBXBuildFile;
			settings = {
			};
		};
		F55CEE350383F59B01A80AC9 = {
			fileRef = F55CED870383E50201A80AC9;
			isa = PBXBuildFile;
			settings = {
			};
		};
		F55CEE360383F59B01A80AC9 = {
			fileRef = F55CED890383E50201A80AC9;
			isa = PBXBuildFile;
			settings = {
			};
		};
		F55CEE370383F59B01A80AC9 = {
			fileRef = F55CED8B0383E50201A80AC9;
			isa = PBXBuildFile;
			settings = {
			};
		};
		F55CEE380383F59B01A80AC9 = {
			fileRef = F55CED8C0383E50201A80AC9;
			isa = PBXBuildFile;
			settings = {
			};
		};
		F55CEE390383F59B01A80AC9 = {
			fileRef = F55CED8E0383E50201A80AC9;
			isa = PBXBuildFile;
			settings = {
			};
		};
		F55CEE3A0383F59B01A80AC9 = {
			fileRef = F55CED920383E50201A80AC9;
			isa = PBXBuildFile;
			settings = {
			};
		};
		F55CEE3B0383F59B01A80AC9 = {
			fileRef = F55CED940383E50201A80AC9;
			isa = PBXBuildFile;
			settings = {
			};
		};
		F55CEE3C0383F59B01A80AC9 = {
			buildActionMask = 2147483647;
			files = (
				F55CEE3D0383F59B01A80AC9,
				F55CEE3E0383F59B01A80AC9,
				F55CEE3F0383F59B01A80AC9,
				F55CEE400383F59B01A80AC9,
				F55CEE410383F59B01A80AC9,
				F55CEE420383F59B01A80AC9,
				F55CEE430383F59B01A80AC9,
				F55CEE440383F59B01A80AC9,
				F55CEE450383F59B01A80AC9,
				F55CEE460383F59B01A80AC9,
				F55CEE470383F59B01A80AC9,
				F55CEE480383F59B01A80AC9,
				F55CEE490383F59B01A80AC9,
			);
			isa = PBXSourcesBuildPhase;
			runOnlyForDeploymentPostprocessing = 0;
		};
		F55CEE3D0383F59B01A80AC9 = {
			fileRef = F55CED7B0383E50201A80AC9;
			isa = PBXBuildFile;
			settings = {
			};
		};
		F55CEE3E0383F59B01A80AC9 = {
			fileRef = F55CED7C0383E50201A80AC9;
			isa = PBXBuildFile;
			settings = {
			};
		};
		F55CEE3F0383F59B01A80AC9 = {
			fileRef = F55CED7D0383E50201A80AC9;
			isa = PBXBuildFile;
			settings = {
			};
		};
		F55CEE400383F59B01A80AC9 = {
			fileRef = F55CED7E0383E50201A80AC9;
			isa = PBXBuildFile;
			settings = {
			};
		};
		F55CEE410383F59B01A80AC9 = {
			fileRef = F55CED800383E50201A80AC9;
			isa = PBXBuildFile;
			settings = {
			};
		};
		F55CEE420383F59B01A80AC9 = {
			fileRef = F55CED880383E50201A80AC9;
			isa = PBXBuildFile;
			settings = {
			};
		};
		F55CEE430383F59B01A80AC9 = {
			fileRef = F55CED8A0383E50201A80AC9;
			isa = PBXBuildFile;
			settings = {
			};
		};
		F55CEE440383F59B01A80AC9 = {
			fileRef = F55CED8D0383E50201A80AC9;
			isa = PBXBuildFile;
			settings = {
			};
		};
		F55CEE450383F59B01A80AC9 = {
			fileRef = F55CED8F0383E50201A80AC9;
			isa = PBXBuildFile;
			settings = {
			};
		};
		F55CEE460383F59B01A80AC9 = {
			fileRef = F55CED930383E50201A80AC9;
			isa = PBXBuildFile;
			settings = {
			};
		};
		F55CEE470383F59B01A80AC9 = {
			fileRef = F55CED950383E50201A80AC9;
			isa = PBXBuildFile;
			settings = {
			};
		};
		F55CEE480383F59B01A80AC9 = {
			fileRef = F55CED960383E50201A80AC9;
			isa = PBXBuildFile;
			settings = {
			};
		};
		F55CEE490383F59B01A80AC9 = {
			fileRef = F55CED970383E50201A80AC9;
			isa = PBXBuildFile;
			settings = {
			};
		};
		F55CEE4A0383F59B01A80AC9 = {
			buildActionMask = 2147483647;
			files = (
			);
			isa = PBXFrameworksBuildPhase;
			runOnlyForDeploymentPostprocessing = 0;
		};
		F55CEE4B0383F59B01A80AC9 = {
			buildActionMask = 2147483647;
			files = (
			);
			isa = PBXRezBuildPhase;
			runOnlyForDeploymentPostprocessing = 0;
		};
		F55CEE4C0383F59B01A80AC9 = {
			isa = PBXLibraryReference;
			path = flext_td.a;
			refType = 3;
		};
		F55CEE4E0383F97301A80AC9 = {
			buildPhases = (
			);
			buildSettings = {
				OTHER_CFLAGS = "";
				OTHER_LDFLAGS = "";
				OTHER_REZFLAGS = "";
				PRODUCT_NAME = All;
				SECTORDER_FLAGS = "";
				WARNING_CFLAGS = "-Wmost -Wno-four-char-constants -Wno-unknown-pragmas";
			};
			dependencies = (
				F55CEE530383F9A301A80AC9,
				F55CEE540383F9A301A80AC9,
				F55CEE550383F9A301A80AC9,
				F55CEE560383F9A301A80AC9,
			);
			isa = PBXAggregateTarget;
			name = "PD@OSX";
			productName = "PD@OSX";
			shouldUseHeadermap = 0;
		};
		F55CEE530383F9A301A80AC9 = {
			isa = PBXTargetDependency;
			target = F55CEDC10383E6E401A80AC9;
		};
		F55CEE540383F9A301A80AC9 = {
			isa = PBXTargetDependency;
			target = F55CEDF60383F55201A80AC9;
		};
		F55CEE550383F9A301A80AC9 = {
			isa = PBXTargetDependency;
			target = F55CEE130383F57A01A80AC9;
		};
		F55CEE560383F9A301A80AC9 = {
			isa = PBXTargetDependency;
			target = F55CEE300383F59B01A80AC9;
		};
		F59A5F910386DF3201A80AC9 = {
			buildPhases = (
				F59A5F920386DF3201A80AC9,
				F59A5F9D0386DF3201A80AC9,
				F59A5FAB0386DF3201A80AC9,
				F59A5FAC0386DF3201A80AC9,
			);
			buildSettings = {
				DEBUGGING_SYMBOLS = NO;
				DYLIB_COMPATIBILITY_VERSION = 1;
				DYLIB_CURRENT_VERSION = 1;
				HEADER_SEARCH_PATHS = "\"$(SYSTEM_DEVELOPER_DIR)/Headers/FlatCarbon\" /Volumes/Daten/Prog/sdk-beta-osx/c74support/msp-includes /Volumes/Daten/Prog/sdk-beta-osx/c74support/max-includes";
				LIBRARY_STYLE = STATIC;
				OPTIMIZATION_CFLAGS = "-O3";
				OTHER_CFLAGS = "-D MAXMSP -D unix -D FLEXT_THREADS -Wno-reorder -Wno-switch";
				OTHER_LDFLAGS = "";
				OTHER_LIBTOOL_FLAGS = "";
				OTHER_REZFLAGS = "";
				PRODUCT_NAME = flext_t.max.a;
				REZ_EXECUTABLE = YES;
				SECTORDER_FLAGS = "";
				WARNING_CFLAGS = "-Wmost -Wno-four-char-constants -Wno-unknown-pragmas";
			};
			comments = "flext for PD running on OS X (darwin)\nsingle threaded performance version";
			dependencies = (
			);
			isa = PBXLibraryTarget;
			name = "Max@OSX threaded";
			productName = "PD@OSX";
			productReference = F59A5FAD0386DF3201A80AC9;
			shouldUseHeadermap = 0;
		};
		F59A5F920386DF3201A80AC9 = {
			buildActionMask = 2147483647;
			files = (
				F59A5F930386DF3201A80AC9,
				F59A5F940386DF3201A80AC9,
				F59A5F950386DF3201A80AC9,
				F59A5F960386DF3201A80AC9,
				F59A5F970386DF3201A80AC9,
				F59A5F980386DF3201A80AC9,
				F59A5F990386DF3201A80AC9,
				F59A5F9A0386DF3201A80AC9,
				F59A5F9B0386DF3201A80AC9,
				F59A5F9C0386DF3201A80AC9,
			);
			isa = PBXHeadersBuildPhase;
			runOnlyForDeploymentPostprocessing = 0;
		};
		F59A5F930386DF3201A80AC9 = {
			fileRef = F55CED7F0383E50201A80AC9;
			isa = PBXBuildFile;
			settings = {
			};
		};
		F59A5F940386DF3201A80AC9 = {
			fileRef = F55CED810383E50201A80AC9;
			isa = PBXBuildFile;
			settings = {
			};
		};
		F59A5F950386DF3201A80AC9 = {
			fileRef = F55CED860383E50201A80AC9;
			isa = PBXBuildFile;
			settings = {
			};
		};
		F59A5F960386DF3201A80AC9 = {
			fileRef = F55CED870383E50201A80AC9;
			isa = PBXBuildFile;
			settings = {
			};
		};
		F59A5F970386DF3201A80AC9 = {
			fileRef = F55CED890383E50201A80AC9;
			isa = PBXBuildFile;
			settings = {
			};
		};
		F59A5F980386DF3201A80AC9 = {
			fileRef = F55CED8B0383E50201A80AC9;
			isa = PBXBuildFile;
			settings = {
			};
		};
		F59A5F990386DF3201A80AC9 = {
			fileRef = F55CED8C0383E50201A80AC9;
			isa = PBXBuildFile;
			settings = {
			};
		};
		F59A5F9A0386DF3201A80AC9 = {
			fileRef = F55CED8E0383E50201A80AC9;
			isa = PBXBuildFile;
			settings = {
			};
		};
		F59A5F9B0386DF3201A80AC9 = {
			fileRef = F55CED920383E50201A80AC9;
			isa = PBXBuildFile;
			settings = {
			};
		};
		F59A5F9C0386DF3201A80AC9 = {
			fileRef = F55CED940383E50201A80AC9;
			isa = PBXBuildFile;
			settings = {
			};
		};
		F59A5F9D0386DF3201A80AC9 = {
			buildActionMask = 2147483647;
			files = (
				F59A5F9E0386DF3201A80AC9,
				F59A5F9F0386DF3201A80AC9,
				F59A5FA00386DF3201A80AC9,
				F59A5FA10386DF3201A80AC9,
				F59A5FA20386DF3201A80AC9,
				F59A5FA30386DF3201A80AC9,
				F59A5FA40386DF3201A80AC9,
				F59A5FA50386DF3201A80AC9,
				F59A5FA60386DF3201A80AC9,
				F59A5FA70386DF3201A80AC9,
				F59A5FA80386DF3201A80AC9,
				F59A5FA90386DF3201A80AC9,
				F59A5FAA0386DF3201A80AC9,
			);
			isa = PBXSourcesBuildPhase;
			runOnlyForDeploymentPostprocessing = 0;
		};
		F59A5F9E0386DF3201A80AC9 = {
			fileRef = F55CED7B0383E50201A80AC9;
			isa = PBXBuildFile;
			settings = {
			};
		};
		F59A5F9F0386DF3201A80AC9 = {
			fileRef = F55CED7C0383E50201A80AC9;
			isa = PBXBuildFile;
			settings = {
			};
		};
		F59A5FA00386DF3201A80AC9 = {
			fileRef = F55CED7D0383E50201A80AC9;
			isa = PBXBuildFile;
			settings = {
			};
		};
		F59A5FA10386DF3201A80AC9 = {
			fileRef = F55CED7E0383E50201A80AC9;
			isa = PBXBuildFile;
			settings = {
			};
		};
		F59A5FA20386DF3201A80AC9 = {
			fileRef = F55CED800383E50201A80AC9;
			isa = PBXBuildFile;
			settings = {
			};
		};
		F59A5FA30386DF3201A80AC9 = {
			fileRef = F55CED880383E50201A80AC9;
			isa = PBXBuildFile;
			settings = {
			};
		};
		F59A5FA40386DF3201A80AC9 = {
			fileRef = F55CED8A0383E50201A80AC9;
			isa = PBXBuildFile;
			settings = {
			};
		};
		F59A5FA50386DF3201A80AC9 = {
			fileRef = F55CED8D0383E50201A80AC9;
			isa = PBXBuildFile;
			settings = {
			};
		};
		F59A5FA60386DF3201A80AC9 = {
			fileRef = F55CED8F0383E50201A80AC9;
			isa = PBXBuildFile;
			settings = {
			};
		};
		F59A5FA70386DF3201A80AC9 = {
			fileRef = F55CED930383E50201A80AC9;
			isa = PBXBuildFile;
			settings = {
			};
		};
		F59A5FA80386DF3201A80AC9 = {
			fileRef = F55CED950383E50201A80AC9;
			isa = PBXBuildFile;
			settings = {
			};
		};
		F59A5FA90386DF3201A80AC9 = {
			fileRef = F55CED960383E50201A80AC9;
			isa = PBXBuildFile;
			settings = {
			};
		};
		F59A5FAA0386DF3201A80AC9 = {
			fileRef = F55CED970383E50201A80AC9;
			isa = PBXBuildFile;
			settings = {
			};
		};
		F59A5FAB0386DF3201A80AC9 = {
			buildActionMask = 2147483647;
			files = (
			);
			isa = PBXFrameworksBuildPhase;
			runOnlyForDeploymentPostprocessing = 0;
		};
		F59A5FAC0386DF3201A80AC9 = {
			buildActionMask = 2147483647;
			files = (
			);
			isa = PBXRezBuildPhase;
			runOnlyForDeploymentPostprocessing = 0;
		};
		F59A5FAD0386DF3201A80AC9 = {
			isa = PBXLibraryReference;
			path = flext_t.max.a;
			refType = 3;
		};
		F5AAF616038683E801A80AC9 = {
			buildPhases = (
				F5AAF617038683E801A80AC9,
				F5AAF622038683E801A80AC9,
				F5AAF630038683E801A80AC9,
				F5AAF631038683E801A80AC9,
			);
			buildSettings = {
				DEBUGGING_SYMBOLS = NO;
				DYLIB_COMPATIBILITY_VERSION = 1;
				DYLIB_CURRENT_VERSION = 1;
				HEADER_SEARCH_PATHS = "\"$(SYSTEM_DEVELOPER_DIR)/Headers/FlatCarbon\" /Volumes/Daten/Prog/sdk-beta-osx/c74support/msp-includes /Volumes/Daten/Prog/sdk-beta-osx/c74support/max-includes";
				LIBRARY_STYLE = STATIC;
				OPTIMIZATION_CFLAGS = "-O3";
				OTHER_CFLAGS = "-D MAXMSP -D unix";
				OTHER_LDFLAGS = "";
				OTHER_LIBTOOL_FLAGS = "";
				OTHER_REZFLAGS = "";
				PRODUCT_NAME = flext.max.a;
				REZ_EXECUTABLE = YES;
				SECTORDER_FLAGS = "";
				WARNING_CFLAGS = "-Wmost -Wno-four-char-constants -Wno-unknown-pragmas";
			};
			comments = "flext for PD running on OS X (darwin)\nsingle threaded performance version";
			dependencies = (
			);
			isa = PBXLibraryTarget;
			name = "Max@OSX single";
			productName = "PD@OSX";
			productReference = F5AAF632038683E801A80AC9;
			shouldUseHeadermap = 0;
		};
		F5AAF617038683E801A80AC9 = {
			buildActionMask = 2147483647;
			files = (
				F5AAF618038683E801A80AC9,
				F5AAF619038683E801A80AC9,
				F5AAF61A038683E801A80AC9,
				F5AAF61B038683E801A80AC9,
				F5AAF61C038683E801A80AC9,
				F5AAF61D038683E801A80AC9,
				F5AAF61E038683E801A80AC9,
				F5AAF61F038683E801A80AC9,
				F5AAF620038683E801A80AC9,
				F5AAF621038683E801A80AC9,
			);
			isa = PBXHeadersBuildPhase;
			runOnlyForDeploymentPostprocessing = 0;
		};
		F5AAF618038683E801A80AC9 = {
			fileRef = F55CED7F0383E50201A80AC9;
			isa = PBXBuildFile;
			settings = {
			};
		};
		F5AAF619038683E801A80AC9 = {
			fileRef = F55CED810383E50201A80AC9;
			isa = PBXBuildFile;
			settings = {
			};
		};
		F5AAF61A038683E801A80AC9 = {
			fileRef = F55CED860383E50201A80AC9;
			isa = PBXBuildFile;
			settings = {
			};
		};
		F5AAF61B038683E801A80AC9 = {
			fileRef = F55CED870383E50201A80AC9;
			isa = PBXBuildFile;
			settings = {
			};
		};
		F5AAF61C038683E801A80AC9 = {
			fileRef = F55CED890383E50201A80AC9;
			isa = PBXBuildFile;
			settings = {
			};
		};
		F5AAF61D038683E801A80AC9 = {
			fileRef = F55CED8B0383E50201A80AC9;
			isa = PBXBuildFile;
			settings = {
			};
		};
		F5AAF61E038683E801A80AC9 = {
			fileRef = F55CED8C0383E50201A80AC9;
			isa = PBXBuildFile;
			settings = {
			};
		};
		F5AAF61F038683E801A80AC9 = {
			fileRef = F55CED8E0383E50201A80AC9;
			isa = PBXBuildFile;
			settings = {
			};
		};
		F5AAF620038683E801A80AC9 = {
			fileRef = F55CED920383E50201A80AC9;
			isa = PBXBuildFile;
			settings = {
			};
		};
		F5AAF621038683E801A80AC9 = {
			fileRef = F55CED940383E50201A80AC9;
			isa = PBXBuildFile;
			settings = {
			};
		};
		F5AAF622038683E801A80AC9 = {
			buildActionMask = 2147483647;
			files = (
				F5AAF623038683E801A80AC9,
				F5AAF624038683E801A80AC9,
				F5AAF625038683E801A80AC9,
				F5AAF626038683E801A80AC9,
				F5AAF627038683E801A80AC9,
				F5AAF628038683E801A80AC9,
				F5AAF629038683E801A80AC9,
				F5AAF62A038683E801A80AC9,
				F5AAF62B038683E801A80AC9,
				F5AAF62C038683E801A80AC9,
				F5AAF62D038683E801A80AC9,
				F5AAF62E038683E801A80AC9,
				F5AAF62F038683E801A80AC9,
			);
			isa = PBXSourcesBuildPhase;
			runOnlyForDeploymentPostprocessing = 0;
		};
		F5AAF623038683E801A80AC9 = {
			fileRef = F55CED7B0383E50201A80AC9;
			isa = PBXBuildFile;
			settings = {
			};
		};
		F5AAF624038683E801A80AC9 = {
			fileRef = F55CED7C0383E50201A80AC9;
			isa = PBXBuildFile;
			settings = {
			};
		};
		F5AAF625038683E801A80AC9 = {
			fileRef = F55CED7D0383E50201A80AC9;
			isa = PBXBuildFile;
			settings = {
			};
		};
		F5AAF626038683E801A80AC9 = {
			fileRef = F55CED7E0383E50201A80AC9;
			isa = PBXBuildFile;
			settings = {
			};
		};
		F5AAF627038683E801A80AC9 = {
			fileRef = F55CED800383E50201A80AC9;
			isa = PBXBuildFile;
			settings = {
			};
		};
		F5AAF628038683E801A80AC9 = {
			fileRef = F55CED880383E50201A80AC9;
			isa = PBXBuildFile;
			settings = {
			};
		};
		F5AAF629038683E801A80AC9 = {
			fileRef = F55CED8A0383E50201A80AC9;
			isa = PBXBuildFile;
			settings = {
			};
		};
		F5AAF62A038683E801A80AC9 = {
			fileRef = F55CED8D0383E50201A80AC9;
			isa = PBXBuildFile;
			settings = {
			};
		};
		F5AAF62B038683E801A80AC9 = {
			fileRef = F55CED8F0383E50201A80AC9;
			isa = PBXBuildFile;
			settings = {
			};
		};
		F5AAF62C038683E801A80AC9 = {
			fileRef = F55CED930383E50201A80AC9;
			isa = PBXBuildFile;
			settings = {
			};
		};
		F5AAF62D038683E801A80AC9 = {
			fileRef = F55CED950383E50201A80AC9;
			isa = PBXBuildFile;
			settings = {
			};
		};
		F5AAF62E038683E801A80AC9 = {
			fileRef = F55CED960383E50201A80AC9;
			isa = PBXBuildFile;
			settings = {
			};
		};
		F5AAF62F038683E801A80AC9 = {
			fileRef = F55CED970383E50201A80AC9;
			isa = PBXBuildFile;
			settings = {
			};
		};
		F5AAF630038683E801A80AC9 = {
			buildActionMask = 2147483647;
			files = (
			);
			isa = PBXFrameworksBuildPhase;
			runOnlyForDeploymentPostprocessing = 0;
		};
		F5AAF631038683E801A80AC9 = {
			buildActionMask = 2147483647;
			files = (
			);
			isa = PBXRezBuildPhase;
			runOnlyForDeploymentPostprocessing = 0;
		};
		F5AAF632038683E801A80AC9 = {
			isa = PBXLibraryReference;
			path = flext.max.a;
			refType = 3;
		};
	};
	rootObject = 0867D690FE84028FC02AAC07;
}
